
Microsoft Visual Studio Solution File, Format Version 12.00
# Visual Studio 15
VisualStudioVersion = 15.0.26124.0
MinimumVisualStudioVersion = 15.0.26124.0
Project("{FAE04EC0-301F-11D3-BF4B-00C04F79EFBC}") = "PizzaBox.Client", "PizzaBox.Client\PizzaBox.Client.csproj", "{C1B07B84-EAF1-4C9F-8283-6072DF1F4818}"
EndProject
Project("{FAE04EC0-301F-11D3-BF4B-00C04F79EFBC}") = "PizzaBox.Domain", "PizzaBox.Domain\PizzaBox.Domain.csproj", "{0785A0A9-5EC7-46EE-B990-910A41B2CF87}"
EndProject
Project("{FAE04EC0-301F-11D3-BF4B-00C04F79EFBC}") = "PizzaBox.Storing", "PizzaBox.Storing\PizzaBox.Storing.csproj", "{DC460051-7E65-4E6C-BF39-D48F6083688B}"
EndProject
Project("{FAE04EC0-301F-11D3-BF4B-00C04F79EFBC}") = "PizzaBox.testing", "PizzaBox.testing\PizzaBox.testing.csproj", "{A86ADC78-B348-4594-98E4-76F835AC5EAF}"
EndProject
Global
	GlobalSection(SolutionConfigurationPlatforms) = preSolution
		Debug|Any CPU = Debug|Any CPU
		Debug|x64 = Debug|x64
		Debug|x86 = Debug|x86
		Release|Any CPU = Release|Any CPU
		Release|x64 = Release|x64
		Release|x86 = Release|x86
	EndGlobalSection
	GlobalSection(SolutionProperties) = preSolution
		HideSolutionNode = FALSE
	EndGlobalSection
	GlobalSection(ProjectConfigurationPlatforms) = postSolution
		{C1B07B84-EAF1-4C9F-8283-6072DF1F4818}.Debug|Any CPU.ActiveCfg = Debug|Any CPU
		{C1B07B84-EAF1-4C9F-8283-6072DF1F4818}.Debug|Any CPU.Build.0 = Debug|Any CPU
		{C1B07B84-EAF1-4C9F-8283-6072DF1F4818}.Debug|x64.ActiveCfg = Debug|Any CPU
		{C1B07B84-EAF1-4C9F-8283-6072DF1F4818}.Debug|x64.Build.0 = Debug|Any CPU
		{C1B07B84-EAF1-4C9F-8283-6072DF1F4818}.Debug|x86.ActiveCfg = Debug|Any CPU
		{C1B07B84-EAF1-4C9F-8283-6072DF1F4818}.Debug|x86.Build.0 = Debug|Any CPU
		{C1B07B84-EAF1-4C9F-8283-6072DF1F4818}.Release|Any CPU.ActiveCfg = Release|Any CPU
		{C1B07B84-EAF1-4C9F-8283-6072DF1F4818}.Release|Any CPU.Build.0 = Release|Any CPU
		{C1B07B84-EAF1-4C9F-8283-6072DF1F4818}.Release|x64.ActiveCfg = Release|Any CPU
		{C1B07B84-EAF1-4C9F-8283-6072DF1F4818}.Release|x64.Build.0 = Release|Any CPU
		{C1B07B84-EAF1-4C9F-8283-6072DF1F4818}.Release|x86.ActiveCfg = Release|Any CPU
		{C1B07B84-EAF1-4C9F-8283-6072DF1F4818}.Release|x86.Build.0 = Release|Any CPU
		{0785A0A9-5EC7-46EE-B990-910A41B2CF87}.Debug|Any CPU.ActiveCfg = Debug|Any CPU
		{0785A0A9-5EC7-46EE-B990-910A41B2CF87}.Debug|Any CPU.Build.0 = Debug|Any CPU
		{0785A0A9-5EC7-46EE-B990-910A41B2CF87}.Debug|x64.ActiveCfg = Debug|Any CPU
		{0785A0A9-5EC7-46EE-B990-910A41B2CF87}.Debug|x64.Build.0 = Debug|Any CPU
		{0785A0A9-5EC7-46EE-B990-910A41B2CF87}.Debug|x86.ActiveCfg = Debug|Any CPU
		{0785A0A9-5EC7-46EE-B990-910A41B2CF87}.Debug|x86.Build.0 = Debug|Any CPU
		{0785A0A9-5EC7-46EE-B990-910A41B2CF87}.Release|Any CPU.ActiveCfg = Release|Any CPU
		{0785A0A9-5EC7-46EE-B990-910A41B2CF87}.Release|Any CPU.Build.0 = Release|Any CPU
		{0785A0A9-5EC7-46EE-B990-910A41B2CF87}.Release|x64.ActiveCfg = Release|Any CPU
		{0785A0A9-5EC7-46EE-B990-910A41B2CF87}.Release|x64.Build.0 = Release|Any CPU
		{0785A0A9-5EC7-46EE-B990-910A41B2CF87}.Release|x86.ActiveCfg = Release|Any CPU
		{0785A0A9-5EC7-46EE-B990-910A41B2CF87}.Release|x86.Build.0 = Release|Any CPU
		{DC460051-7E65-4E6C-BF39-D48F6083688B}.Debug|Any CPU.ActiveCfg = Debug|Any CPU
		{DC460051-7E65-4E6C-BF39-D48F6083688B}.Debug|Any CPU.Build.0 = Debug|Any CPU
		{DC460051-7E65-4E6C-BF39-D48F6083688B}.Debug|x64.ActiveCfg = Debug|Any CPU
		{DC460051-7E65-4E6C-BF39-D48F6083688B}.Debug|x64.Build.0 = Debug|Any CPU
		{DC460051-7E65-4E6C-BF39-D48F6083688B}.Debug|x86.ActiveCfg = Debug|Any CPU
		{DC460051-7E65-4E6C-BF39-D48F6083688B}.Debug|x86.Build.0 = Debug|Any CPU
		{DC460051-7E65-4E6C-BF39-D48F6083688B}.Release|Any CPU.ActiveCfg = Release|Any CPU
		{DC460051-7E65-4E6C-BF39-D48F6083688B}.Release|Any CPU.Build.0 = Release|Any CPU
		{DC460051-7E65-4E6C-BF39-D48F6083688B}.Release|x64.ActiveCfg = Release|Any CPU
		{DC460051-7E65-4E6C-BF39-D48F6083688B}.Release|x64.Build.0 = Release|Any CPU
		{DC460051-7E65-4E6C-BF39-D48F6083688B}.Release|x86.ActiveCfg = Release|Any CPU
		{DC460051-7E65-4E6C-BF39-D48F6083688B}.Release|x86.Build.0 = Release|Any CPU
		{A86ADC78-B348-4594-98E4-76F835AC5EAF}.Debug|Any CPU.ActiveCfg = Debug|Any CPU
		{A86ADC78-B348-4594-98E4-76F835AC5EAF}.Debug|Any CPU.Build.0 = Debug|Any CPU
		{A86ADC78-B348-4594-98E4-76F835AC5EAF}.Debug|x64.ActiveCfg = Debug|Any CPU
		{A86ADC78-B348-4594-98E4-76F835AC5EAF}.Debug|x64.Build.0 = Debug|Any CPU
		{A86ADC78-B348-4594-98E4-76F835AC5EAF}.Debug|x86.ActiveCfg = Debug|Any CPU
		{A86ADC78-B348-4594-98E4-76F835AC5EAF}.Debug|x86.Build.0 = Debug|Any CPU
		{A86ADC78-B348-4594-98E4-76F835AC5EAF}.Release|Any CPU.ActiveCfg = Release|Any CPU
		{A86ADC78-B348-4594-98E4-76F835AC5EAF}.Release|Any CPU.Build.0 = Release|Any CPU
		{A86ADC78-B348-4594-98E4-76F835AC5EAF}.Release|x64.ActiveCfg = Release|Any CPU
		{A86ADC78-B348-4594-98E4-76F835AC5EAF}.Release|x64.Build.0 = Release|Any CPU
		{A86ADC78-B348-4594-98E4-76F835AC5EAF}.Release|x86.ActiveCfg = Release|Any CPU
		{A86ADC78-B348-4594-98E4-76F835AC5EAF}.Release|x86.Build.0 = Release|Any CPU
	EndGlobalSection
EndGlobal
